
Microsoft Visual Studio Solution File, Format Version 12.00
# Visual Studio Version 17
VisualStudioVersion = 17.2.32602.215
MinimumVisualStudioVersion = 10.0.40219.1
Project("{FAE04EC0-301F-11D3-BF4B-00C04F79EFBC}") = "Lucent_Block_Projection", "Lucent_Block_Projection.csproj", "{24A7BF27-E0E5-4C04-AC3A-C095203D707A}"
EndProject
Global
	GlobalSection(SolutionConfigurationPlatforms) = preSolution
		Debug|Any CPU = Debug|Any CPU
		Debug|x64 = Debug|x64
		Release|Any CPU = Release|Any CPU
		Release|x64 = Release|x64
	EndGlobalSection
	GlobalSection(ProjectConfigurationPlatforms) = postSolution
		{24A7BF27-E0E5-4C04-AC3A-C095203D707A}.Debug|Any CPU.ActiveCfg = Debug|Any CPU
		{24A7BF27-E0E5-4C04-AC3A-C095203D707A}.Debug|Any CPU.Build.0 = Debug|Any CPU
		{24A7BF27-E0E5-4C04-AC3A-C095203D707A}.Debug|x64.ActiveCfg = Debug|x64
		{24A7BF27-E0E5-4C04-AC3A-C095203D707A}.Debug|x64.Build.0 = Debug|x64
		{24A7BF27-E0E5-4C04-AC3A-C095203D707A}.Release|Any CPU.ActiveCfg = Release|Any CPU
		{24A7BF27-E0E5-4C04-AC3A-C095203D707A}.Release|Any CPU.Build.0 = Release|Any CPU
		{24A7BF27-E0E5-4C04-AC3A-C095203D707A}.Release|x64.ActiveCfg = Release|x64
		{24A7BF27-E0E5-4C04-AC3A-C095203D707A}.Release|x64.Build.0 = Release|x64
	EndGlobalSection
	GlobalSection(SolutionProperties) = preSolution
		HideSolutionNode = FALSE
	EndGlobalSection
	GlobalSection(ExtensibilityGlobals) = postSolution
		SolutionGuid = {8C8E4C34-5AF4-46AC-A397-CB8CC546CBE4}
	EndGlobalSection
EndGlobal
